
Microsoft Visual Studio Solution File, Format Version 12.00
# Visual Studio 2013
VisualStudioVersion = 12.0.21005.1
MinimumVisualStudioVersion = 10.0.40219.1
Project("{2150E333-8FDC-42A3-9474-1A3956D46DE8}") = "WebSites", "WebSites", "{B1821FD7-BBF1-4BCA-B1C7-23BED4148281}"
EndProject
Project("{2150E333-8FDC-42A3-9474-1A3956D46DE8}") = "Modules", "Modules", "{F64E8EF0-24EA-431B-8C61-739062B9F8D0}"
EndProject
Project("{2150E333-8FDC-42A3-9474-1A3956D46DE8}") = "Workflow", "Workflow", "{193386A7-A87F-4FAC-A3CB-92477EFA4F8C}"
EndProject
Project("{2150E333-8FDC-42A3-9474-1A3956D46DE8}") = "DAL", "DAL", "{1C7FDE82-E382-4846-B3BD-4FB6F5A0291E}"
EndProject
Project("{2150E333-8FDC-42A3-9474-1A3956D46DE8}") = "Common", "Common", "{50B6F427-9D12-454E-9800-467835F8B5D1}"
EndProject
Project("{2150E333-8FDC-42A3-9474-1A3956D46DE8}") = "OldWorkflow", "OldWorkflow", "{423F0949-2220-4B02-A7C9-992A56BF0318}"
	ProjectSection(SolutionItems) = preProject
		OldWorkflow\Budget2.Workflow.dll = OldWorkflow\Budget2.Workflow.dll
		OldWorkflow\Workflow.dll = OldWorkflow\Workflow.dll
		OldWorkflow\Workflow.Interface.dll = OldWorkflow\Workflow.Interface.dll
	EndProjectSection
EndProject
Project("{FAE04EC0-301F-11D3-BF4B-00C04F79EFBC}") = "Budget2.Server", "WebSites\Budget2.Server\Budget2.Server.csproj", "{B50EA9B4-9D7A-42FB-8F12-899BAECBBE22}"
EndProject
Project("{FAE04EC0-301F-11D3-BF4B-00C04F79EFBC}") = "Shell", "Modules\Shell\Shell.csproj", "{9035E962-D35E-46FD-8677-16AA63B9896F}"
EndProject
Project("{FAE04EC0-301F-11D3-BF4B-00C04F79EFBC}") = "Budget2.Workflow", "Budget2.Workflow\Budget2.Workflow.csproj", "{21260753-1AA2-4F06-BA90-1B77E9582E0A}"
EndProject
Project("{FAE04EC0-301F-11D3-BF4B-00C04F79EFBC}") = "Budget2.DAL", "Budget2.DAL\Budget2.DAL.csproj", "{0BDD7A49-045E-4A5D-B68B-6AF3CAA8E6D3}"
EndProject
Project("{FAE04EC0-301F-11D3-BF4B-00C04F79EFBC}") = "API", "API\API.csproj", "{912B1C81-1AE9-40F8-AE95-4C44AAB15980}"
EndProject
Project("{FAE04EC0-301F-11D3-BF4B-00C04F79EFBC}") = "API.Tests", "API.Tests\API.Tests.csproj", "{7DAF6116-6505-4BAC-A6BF-4B5541DEF973}"
EndProject
Project("{FAE04EC0-301F-11D3-BF4B-00C04F79EFBC}") = "API.Interface", "API.Interface\API.Interface.csproj", "{3571F38C-F44C-4299-9F03-F324331627F3}"
EndProject
Project("{FAE04EC0-301F-11D3-BF4B-00C04F79EFBC}") = "Workflow", "Workflow\Workflow.csproj", "{88B96448-F028-44F4-933B-580D73A6DCEE}"
EndProject
Project("{FAE04EC0-301F-11D3-BF4B-00C04F79EFBC}") = "Workflow.Tests", "Workflow.Tests\Workflow.Tests.csproj", "{6F7AFB95-9DC5-442B-8F18-33CCDC3633D2}"
EndProject
Project("{FAE04EC0-301F-11D3-BF4B-00C04F79EFBC}") = "Workflow.Interface", "Workflow.Interface\Workflow.Interface.csproj", "{A79780A9-5B07-41CC-9171-B323D01A2E8D}"
EndProject
Project("{FAE04EC0-301F-11D3-BF4B-00C04F79EFBC}") = "Common", "Common\Common.csproj", "{F44BB867-5E77-40A7-B47F-0BA8086BF707}"
EndProject
Project("{FAE04EC0-301F-11D3-BF4B-00C04F79EFBC}") = "Security", "Security\Security.csproj", "{C3A16D24-CC08-4CD6-B9E5-D9FFD8C6914C}"
EndProject
Project("{FAE04EC0-301F-11D3-BF4B-00C04F79EFBC}") = "Security.Tests", "Security.Tests\Security.Tests.csproj", "{22CDDE8D-E9FC-4A31-9D00-84E115B9347A}"
EndProject
Project("{FAE04EC0-301F-11D3-BF4B-00C04F79EFBC}") = "Security.Interface", "Security.Interface\Security.Interface.csproj", "{2EBB736F-5C7E-4C95-8DA7-569F3DDCA04C}"
EndProject
Project("{FAE04EC0-301F-11D3-BF4B-00C04F79EFBC}") = "Business", "Business\Business.csproj", "{68D10C88-C665-43DB-8F5D-646E1FD4E9F1}"
EndProject
Project("{FAE04EC0-301F-11D3-BF4B-00C04F79EFBC}") = "Business.Tests", "Business.Tests\Business.Tests.csproj", "{686EB390-5F04-4A63-AAC1-9AD2FADB7660}"
EndProject
Project("{FAE04EC0-301F-11D3-BF4B-00C04F79EFBC}") = "Business.Interface", "Business.Interface\Business.Interface.csproj", "{FBA0CB6B-8DCD-4B78-8225-A833CB2F4321}"
EndProject
Project("{FAE04EC0-301F-11D3-BF4B-00C04F79EFBC}") = "ExternalServicesAPI", "ExternalServicesAPI\ExternalServicesAPI.csproj", "{DA3D5BA5-893F-4B51-B779-9FD56D1314B8}"
EndProject
Project("{FAE04EC0-301F-11D3-BF4B-00C04F79EFBC}") = "Budget2.Reports", "Budget2.Reports\Budget2.Reports.csproj", "{F9304186-C2FC-4040-B3A1-528883272187}"
EndProject
Global
	GlobalSection(SolutionConfigurationPlatforms) = preSolution
		Debug|Any CPU = Debug|Any CPU
		Release|Any CPU = Release|Any CPU
	EndGlobalSection
	GlobalSection(ProjectConfigurationPlatforms) = postSolution
		{B50EA9B4-9D7A-42FB-8F12-899BAECBBE22}.Debug|Any CPU.ActiveCfg = Debug|Any CPU
		{B50EA9B4-9D7A-42FB-8F12-899BAECBBE22}.Debug|Any CPU.Build.0 = Debug|Any CPU
		{B50EA9B4-9D7A-42FB-8F12-899BAECBBE22}.Release|Any CPU.ActiveCfg = Release|Any CPU
		{B50EA9B4-9D7A-42FB-8F12-899BAECBBE22}.Release|Any CPU.Build.0 = Release|Any CPU
		{9035E962-D35E-46FD-8677-16AA63B9896F}.Debug|Any CPU.ActiveCfg = Debug|Any CPU
		{9035E962-D35E-46FD-8677-16AA63B9896F}.Debug|Any CPU.Build.0 = Debug|Any CPU
		{9035E962-D35E-46FD-8677-16AA63B9896F}.Release|Any CPU.ActiveCfg = Release|Any CPU
		{9035E962-D35E-46FD-8677-16AA63B9896F}.Release|Any CPU.Build.0 = Release|Any CPU
		{21260753-1AA2-4F06-BA90-1B77E9582E0A}.Debug|Any CPU.ActiveCfg = Debug|Any CPU
		{21260753-1AA2-4F06-BA90-1B77E9582E0A}.Debug|Any CPU.Build.0 = Debug|Any CPU
		{21260753-1AA2-4F06-BA90-1B77E9582E0A}.Release|Any CPU.ActiveCfg = Release|Any CPU
		{21260753-1AA2-4F06-BA90-1B77E9582E0A}.Release|Any CPU.Build.0 = Release|Any CPU
		{0BDD7A49-045E-4A5D-B68B-6AF3CAA8E6D3}.Debug|Any CPU.ActiveCfg = Debug|Any CPU
		{0BDD7A49-045E-4A5D-B68B-6AF3CAA8E6D3}.Debug|Any CPU.Build.0 = Debug|Any CPU
		{0BDD7A49-045E-4A5D-B68B-6AF3CAA8E6D3}.Release|Any CPU.ActiveCfg = Release|Any CPU
		{0BDD7A49-045E-4A5D-B68B-6AF3CAA8E6D3}.Release|Any CPU.Build.0 = Release|Any CPU
		{912B1C81-1AE9-40F8-AE95-4C44AAB15980}.Debug|Any CPU.ActiveCfg = Debug|Any CPU
		{912B1C81-1AE9-40F8-AE95-4C44AAB15980}.Debug|Any CPU.Build.0 = Debug|Any CPU
		{912B1C81-1AE9-40F8-AE95-4C44AAB15980}.Release|Any CPU.ActiveCfg = Release|Any CPU
		{912B1C81-1AE9-40F8-AE95-4C44AAB15980}.Release|Any CPU.Build.0 = Release|Any CPU
		{7DAF6116-6505-4BAC-A6BF-4B5541DEF973}.Debug|Any CPU.ActiveCfg = Debug|Any CPU
		{7DAF6116-6505-4BAC-A6BF-4B5541DEF973}.Debug|Any CPU.Build.0 = Debug|Any CPU
		{7DAF6116-6505-4BAC-A6BF-4B5541DEF973}.Release|Any CPU.ActiveCfg = Release|Any CPU
		{7DAF6116-6505-4BAC-A6BF-4B5541DEF973}.Release|Any CPU.Build.0 = Release|Any CPU
		{3571F38C-F44C-4299-9F03-F324331627F3}.Debug|Any CPU.ActiveCfg = Debug|Any CPU
		{3571F38C-F44C-4299-9F03-F324331627F3}.Debug|Any CPU.Build.0 = Debug|Any CPU
		{3571F38C-F44C-4299-9F03-F324331627F3}.Release|Any CPU.ActiveCfg = Release|Any CPU
		{3571F38C-F44C-4299-9F03-F324331627F3}.Release|Any CPU.Build.0 = Release|Any CPU
		{88B96448-F028-44F4-933B-580D73A6DCEE}.Debug|Any CPU.ActiveCfg = Debug|Any CPU
		{88B96448-F028-44F4-933B-580D73A6DCEE}.Debug|Any CPU.Build.0 = Debug|Any CPU
		{88B96448-F028-44F4-933B-580D73A6DCEE}.Release|Any CPU.ActiveCfg = Release|Any CPU
		{88B96448-F028-44F4-933B-580D73A6DCEE}.Release|Any CPU.Build.0 = Release|Any CPU
		{6F7AFB95-9DC5-442B-8F18-33CCDC3633D2}.Debug|Any CPU.ActiveCfg = Debug|Any CPU
		{6F7AFB95-9DC5-442B-8F18-33CCDC3633D2}.Debug|Any CPU.Build.0 = Debug|Any CPU
		{6F7AFB95-9DC5-442B-8F18-33CCDC3633D2}.Release|Any CPU.ActiveCfg = Release|Any CPU
		{6F7AFB95-9DC5-442B-8F18-33CCDC3633D2}.Release|Any CPU.Build.0 = Release|Any CPU
		{A79780A9-5B07-41CC-9171-B323D01A2E8D}.Debug|Any CPU.ActiveCfg = Debug|Any CPU
		{A79780A9-5B07-41CC-9171-B323D01A2E8D}.Debug|Any CPU.Build.0 = Debug|Any CPU
		{A79780A9-5B07-41CC-9171-B323D01A2E8D}.Release|Any CPU.ActiveCfg = Release|Any CPU
		{A79780A9-5B07-41CC-9171-B323D01A2E8D}.Release|Any CPU.Build.0 = Release|Any CPU
		{F44BB867-5E77-40A7-B47F-0BA8086BF707}.Debug|Any CPU.ActiveCfg = Debug|Any CPU
		{F44BB867-5E77-40A7-B47F-0BA8086BF707}.Debug|Any CPU.Build.0 = Debug|Any CPU
		{F44BB867-5E77-40A7-B47F-0BA8086BF707}.Release|Any CPU.ActiveCfg = Release|Any CPU
		{F44BB867-5E77-40A7-B47F-0BA8086BF707}.Release|Any CPU.Build.0 = Release|Any CPU
		{C3A16D24-CC08-4CD6-B9E5-D9FFD8C6914C}.Debug|Any CPU.ActiveCfg = Debug|Any CPU
		{C3A16D24-CC08-4CD6-B9E5-D9FFD8C6914C}.Debug|Any CPU.Build.0 = Debug|Any CPU
		{C3A16D24-CC08-4CD6-B9E5-D9FFD8C6914C}.Release|Any CPU.ActiveCfg = Release|Any CPU
		{C3A16D24-CC08-4CD6-B9E5-D9FFD8C6914C}.Release|Any CPU.Build.0 = Release|Any CPU
		{22CDDE8D-E9FC-4A31-9D00-84E115B9347A}.Debug|Any CPU.ActiveCfg = Debug|Any CPU
		{22CDDE8D-E9FC-4A31-9D00-84E115B9347A}.Debug|Any CPU.Build.0 = Debug|Any CPU
		{22CDDE8D-E9FC-4A31-9D00-84E115B9347A}.Release|Any CPU.ActiveCfg = Release|Any CPU
		{22CDDE8D-E9FC-4A31-9D00-84E115B9347A}.Release|Any CPU.Build.0 = Release|Any CPU
		{2EBB736F-5C7E-4C95-8DA7-569F3DDCA04C}.Debug|Any CPU.ActiveCfg = Debug|Any CPU
		{2EBB736F-5C7E-4C95-8DA7-569F3DDCA04C}.Debug|Any CPU.Build.0 = Debug|Any CPU
		{2EBB736F-5C7E-4C95-8DA7-569F3DDCA04C}.Release|Any CPU.ActiveCfg = Release|Any CPU
		{2EBB736F-5C7E-4C95-8DA7-569F3DDCA04C}.Release|Any CPU.Build.0 = Release|Any CPU
		{68D10C88-C665-43DB-8F5D-646E1FD4E9F1}.Debug|Any CPU.ActiveCfg = Debug|Any CPU
		{68D10C88-C665-43DB-8F5D-646E1FD4E9F1}.Debug|Any CPU.Build.0 = Debug|Any CPU
		{68D10C88-C665-43DB-8F5D-646E1FD4E9F1}.Release|Any CPU.ActiveCfg = Release|Any CPU
		{68D10C88-C665-43DB-8F5D-646E1FD4E9F1}.Release|Any CPU.Build.0 = Release|Any CPU
		{686EB390-5F04-4A63-AAC1-9AD2FADB7660}.Debug|Any CPU.ActiveCfg = Debug|Any CPU
		{686EB390-5F04-4A63-AAC1-9AD2FADB7660}.Debug|Any CPU.Build.0 = Debug|Any CPU
		{686EB390-5F04-4A63-AAC1-9AD2FADB7660}.Release|Any CPU.ActiveCfg = Release|Any CPU
		{686EB390-5F04-4A63-AAC1-9AD2FADB7660}.Release|Any CPU.Build.0 = Release|Any CPU
		{FBA0CB6B-8DCD-4B78-8225-A833CB2F4321}.Debug|Any CPU.ActiveCfg = Debug|Any CPU
		{FBA0CB6B-8DCD-4B78-8225-A833CB2F4321}.Debug|Any CPU.Build.0 = Debug|Any CPU
		{FBA0CB6B-8DCD-4B78-8225-A833CB2F4321}.Release|Any CPU.ActiveCfg = Release|Any CPU
		{FBA0CB6B-8DCD-4B78-8225-A833CB2F4321}.Release|Any CPU.Build.0 = Release|Any CPU
		{DA3D5BA5-893F-4B51-B779-9FD56D1314B8}.Debug|Any CPU.ActiveCfg = Debug|Any CPU
		{DA3D5BA5-893F-4B51-B779-9FD56D1314B8}.Debug|Any CPU.Build.0 = Debug|Any CPU
		{DA3D5BA5-893F-4B51-B779-9FD56D1314B8}.Release|Any CPU.ActiveCfg = Release|Any CPU
		{DA3D5BA5-893F-4B51-B779-9FD56D1314B8}.Release|Any CPU.Build.0 = Release|Any CPU
		{F9304186-C2FC-4040-B3A1-528883272187}.Debug|Any CPU.ActiveCfg = Debug|Any CPU
		{F9304186-C2FC-4040-B3A1-528883272187}.Debug|Any CPU.Build.0 = Debug|Any CPU
		{F9304186-C2FC-4040-B3A1-528883272187}.Release|Any CPU.ActiveCfg = Release|Any CPU
		{F9304186-C2FC-4040-B3A1-528883272187}.Release|Any CPU.Build.0 = Release|Any CPU
	EndGlobalSection
	GlobalSection(SolutionProperties) = preSolution
		HideSolutionNode = FALSE
	EndGlobalSection
	GlobalSection(NestedProjects) = preSolution
		{B50EA9B4-9D7A-42FB-8F12-899BAECBBE22} = {B1821FD7-BBF1-4BCA-B1C7-23BED4148281}
		{9035E962-D35E-46FD-8677-16AA63B9896F} = {F64E8EF0-24EA-431B-8C61-739062B9F8D0}
		{912B1C81-1AE9-40F8-AE95-4C44AAB15980} = {F64E8EF0-24EA-431B-8C61-739062B9F8D0}
		{7DAF6116-6505-4BAC-A6BF-4B5541DEF973} = {F64E8EF0-24EA-431B-8C61-739062B9F8D0}
		{3571F38C-F44C-4299-9F03-F324331627F3} = {F64E8EF0-24EA-431B-8C61-739062B9F8D0}
		{88B96448-F028-44F4-933B-580D73A6DCEE} = {F64E8EF0-24EA-431B-8C61-739062B9F8D0}
		{6F7AFB95-9DC5-442B-8F18-33CCDC3633D2} = {F64E8EF0-24EA-431B-8C61-739062B9F8D0}
		{A79780A9-5B07-41CC-9171-B323D01A2E8D} = {F64E8EF0-24EA-431B-8C61-739062B9F8D0}
		{C3A16D24-CC08-4CD6-B9E5-D9FFD8C6914C} = {F64E8EF0-24EA-431B-8C61-739062B9F8D0}
		{22CDDE8D-E9FC-4A31-9D00-84E115B9347A} = {F64E8EF0-24EA-431B-8C61-739062B9F8D0}
		{2EBB736F-5C7E-4C95-8DA7-569F3DDCA04C} = {F64E8EF0-24EA-431B-8C61-739062B9F8D0}
		{68D10C88-C665-43DB-8F5D-646E1FD4E9F1} = {F64E8EF0-24EA-431B-8C61-739062B9F8D0}
		{686EB390-5F04-4A63-AAC1-9AD2FADB7660} = {F64E8EF0-24EA-431B-8C61-739062B9F8D0}
		{FBA0CB6B-8DCD-4B78-8225-A833CB2F4321} = {F64E8EF0-24EA-431B-8C61-739062B9F8D0}
		{DA3D5BA5-893F-4B51-B779-9FD56D1314B8} = {F64E8EF0-24EA-431B-8C61-739062B9F8D0}
		{F9304186-C2FC-4040-B3A1-528883272187} = {F64E8EF0-24EA-431B-8C61-739062B9F8D0}
		{21260753-1AA2-4F06-BA90-1B77E9582E0A} = {193386A7-A87F-4FAC-A3CB-92477EFA4F8C}
		{0BDD7A49-045E-4A5D-B68B-6AF3CAA8E6D3} = {1C7FDE82-E382-4846-B3BD-4FB6F5A0291E}
		{F44BB867-5E77-40A7-B47F-0BA8086BF707} = {50B6F427-9D12-454E-9800-467835F8B5D1}
	EndGlobalSection
	GlobalSection(ExtensibilityGlobals) = postSolution
		RootNamespace = Budget2.Server
		IsWCSFSolutionWAP = True
		IsWCSFSolution = True
	EndGlobalSection
EndGlobal
