
Microsoft Visual Studio Solution File, Format Version 12.00
# Visual Studio 2013
VisualStudioVersion = 12.0.21005.1
MinimumVisualStudioVersion = 10.0.40219.1
Project("{FAE04EC0-301F-11D3-BF4B-00C04F79EFBC}") = "Console", "Console\Console.csproj", "{C3B4C5DF-BB68-4F1C-8E3B-BB5443648CED}"
EndProject
Project("{FAE04EC0-301F-11D3-BF4B-00C04F79EFBC}") = "Designer", "Designer\Designer.csproj", "{A811A250-BB14-4110-AE9E-56AD36A6E719}"
EndProject
Global
	GlobalSection(SolutionConfigurationPlatforms) = preSolution
		Debug|Any CPU = Debug|Any CPU
		Release|Any CPU = Release|Any CPU
	EndGlobalSection
	GlobalSection(ProjectConfigurationPlatforms) = postSolution
		{C3B4C5DF-BB68-4F1C-8E3B-BB5443648CED}.Debug|Any CPU.ActiveCfg = Debug|Any CPU
		{C3B4C5DF-BB68-4F1C-8E3B-BB5443648CED}.Debug|Any CPU.Build.0 = Debug|Any CPU
		{C3B4C5DF-BB68-4F1C-8E3B-BB5443648CED}.Release|Any CPU.ActiveCfg = Release|Any CPU
		{C3B4C5DF-BB68-4F1C-8E3B-BB5443648CED}.Release|Any CPU.Build.0 = Release|Any CPU
		{A811A250-BB14-4110-AE9E-56AD36A6E719}.Debug|Any CPU.ActiveCfg = Debug|Any CPU
		{A811A250-BB14-4110-AE9E-56AD36A6E719}.Debug|Any CPU.Build.0 = Debug|Any CPU
		{A811A250-BB14-4110-AE9E-56AD36A6E719}.Release|Any CPU.ActiveCfg = Release|Any CPU
		{A811A250-BB14-4110-AE9E-56AD36A6E719}.Release|Any CPU.Build.0 = Release|Any CPU
	EndGlobalSection
	GlobalSection(SolutionProperties) = preSolution
		HideSolutionNode = FALSE
	EndGlobalSection
EndGlobal
