
Microsoft Visual Studio Solution File, Format Version 12.00
# Visual Studio 15
VisualStudioVersion = 15.0.28307.168
MinimumVisualStudioVersion = 10.0.40219.1
Project("{FAE04EC0-301F-11D3-BF4B-00C04F79EFBC}") = "WF.Sample", "WF.Sample\WF.Sample.csproj", "{A491871E-1DFE-44A1-BC4B-A57A0963D1A4}"
EndProject
Project("{FAE04EC0-301F-11D3-BF4B-00C04F79EFBC}") = "WF.Sample.Business", "WF.Sample.Business\WF.Sample.Business.csproj", "{6F156EA6-2B81-4C09-9FCC-3CF0A69C5967}"
EndProject
Project("{FAE04EC0-301F-11D3-BF4B-00C04F79EFBC}") = "WF.Sample.MsSql", "WF.Sample.MsSql\WF.Sample.MsSql.csproj", "{36151A6D-E786-4508-BBAC-63D78D45E7E9}"
EndProject
Global
	GlobalSection(SolutionConfigurationPlatforms) = preSolution
		Debug|Any CPU = Debug|Any CPU
		Release|Any CPU = Release|Any CPU
		SiteDemo|Any CPU = SiteDemo|Any CPU
	EndGlobalSection
	GlobalSection(ProjectConfigurationPlatforms) = postSolution
		{A491871E-1DFE-44A1-BC4B-A57A0963D1A4}.Debug|Any CPU.ActiveCfg = Debug|Any CPU
		{A491871E-1DFE-44A1-BC4B-A57A0963D1A4}.Debug|Any CPU.Build.0 = Debug|Any CPU
		{A491871E-1DFE-44A1-BC4B-A57A0963D1A4}.Release|Any CPU.ActiveCfg = Release|Any CPU
		{A491871E-1DFE-44A1-BC4B-A57A0963D1A4}.Release|Any CPU.Build.0 = Release|Any CPU
		{A491871E-1DFE-44A1-BC4B-A57A0963D1A4}.SiteDemo|Any CPU.ActiveCfg = Release|Any CPU
		{A491871E-1DFE-44A1-BC4B-A57A0963D1A4}.SiteDemo|Any CPU.Build.0 = Release|Any CPU
		{6F156EA6-2B81-4C09-9FCC-3CF0A69C5967}.Debug|Any CPU.ActiveCfg = Debug|Any CPU
		{6F156EA6-2B81-4C09-9FCC-3CF0A69C5967}.Debug|Any CPU.Build.0 = Debug|Any CPU
		{6F156EA6-2B81-4C09-9FCC-3CF0A69C5967}.Release|Any CPU.ActiveCfg = Release|Any CPU
		{6F156EA6-2B81-4C09-9FCC-3CF0A69C5967}.Release|Any CPU.Build.0 = Release|Any CPU
		{6F156EA6-2B81-4C09-9FCC-3CF0A69C5967}.SiteDemo|Any CPU.ActiveCfg = SiteDemo|Any CPU
		{6F156EA6-2B81-4C09-9FCC-3CF0A69C5967}.SiteDemo|Any CPU.Build.0 = SiteDemo|Any CPU
		{36151A6D-E786-4508-BBAC-63D78D45E7E9}.Debug|Any CPU.ActiveCfg = Debug|Any CPU
		{36151A6D-E786-4508-BBAC-63D78D45E7E9}.Debug|Any CPU.Build.0 = Debug|Any CPU
		{36151A6D-E786-4508-BBAC-63D78D45E7E9}.Release|Any CPU.ActiveCfg = Release|Any CPU
		{36151A6D-E786-4508-BBAC-63D78D45E7E9}.Release|Any CPU.Build.0 = Release|Any CPU
		{36151A6D-E786-4508-BBAC-63D78D45E7E9}.SiteDemo|Any CPU.ActiveCfg = Release|Any CPU
		{36151A6D-E786-4508-BBAC-63D78D45E7E9}.SiteDemo|Any CPU.Build.0 = Release|Any CPU
	EndGlobalSection
	GlobalSection(SolutionProperties) = preSolution
		HideSolutionNode = FALSE
	EndGlobalSection
	GlobalSection(ExtensibilityGlobals) = postSolution
		SolutionGuid = {0888FBD9-BD1B-4DA8-83E4-C30B782746A9}
	EndGlobalSection
EndGlobal
